
Microsoft Visual Studio Solution File, Format Version 12.00
# Visual Studio 14
VisualStudioVersion = 14.0.25420.1
MinimumVisualStudioVersion = 10.0.40219.1
Project("{F14B399A-7131-4C87-9E4B-1186C45EF12D}") = "Ultimate Cards", "Ultimate Cards\Ultimate Cards.rptproj", "{82E4EE16-70D5-473D-BA87-8C818C4C3AA4}"
EndProject
Global
	GlobalSection(SolutionConfigurationPlatforms) = preSolution
		Debug|Default = Debug|Default
		DebugLocal|Default = DebugLocal|Default
		Release|Default = Release|Default
	EndGlobalSection
	GlobalSection(ProjectConfigurationPlatforms) = postSolution
		{82E4EE16-70D5-473D-BA87-8C818C4C3AA4}.Debug|Default.ActiveCfg = Debug
		{82E4EE16-70D5-473D-BA87-8C818C4C3AA4}.Debug|Default.Build.0 = Debug
		{82E4EE16-70D5-473D-BA87-8C818C4C3AA4}.Debug|Default.Deploy.0 = Debug
		{82E4EE16-70D5-473D-BA87-8C818C4C3AA4}.DebugLocal|Default.ActiveCfg = DebugLocal
		{82E4EE16-70D5-473D-BA87-8C818C4C3AA4}.DebugLocal|Default.Build.0 = DebugLocal
		{82E4EE16-70D5-473D-BA87-8C818C4C3AA4}.Release|Default.ActiveCfg = Release
		{82E4EE16-70D5-473D-BA87-8C818C4C3AA4}.Release|Default.Build.0 = Release
		{82E4EE16-70D5-473D-BA87-8C818C4C3AA4}.Release|Default.Deploy.0 = Release
	EndGlobalSection
	GlobalSection(SolutionProperties) = preSolution
		HideSolutionNode = FALSE
	EndGlobalSection
EndGlobal
